
Microsoft Visual Studio Solution File, Format Version 12.00
# Visual Studio Version 16
VisualStudioVersion = 16.0.28721.148
MinimumVisualStudioVersion = 10.0.40219.1
Project("{9A19103F-16F7-4668-BE54-9A1E7A4F7556}") = "OnlinePharmacy", "OnlinePharmacy\OnlinePharmacy.csproj", "{7CA143EA-790F-4C62-A925-DF51C1A57AE6}"
EndProject
Project("{FAE04EC0-301F-11D3-BF4B-00C04F79EFBC}") = "OnlinePharmacy.Tests", "OnlinePharmacy.Tests\OnlinePharmacy.Tests.csproj", "{D2D1E73D-C01E-42B7-8B64-280F96E29D9A}"
EndProject
Global
	GlobalSection(SolutionConfigurationPlatforms) = preSolution
		Debug|Any CPU = Debug|Any CPU
		Release|Any CPU = Release|Any CPU
	EndGlobalSection
	GlobalSection(ProjectConfigurationPlatforms) = postSolution
		{7CA143EA-790F-4C62-A925-DF51C1A57AE6}.Debug|Any CPU.ActiveCfg = Debug|Any CPU
		{7CA143EA-790F-4C62-A925-DF51C1A57AE6}.Debug|Any CPU.Build.0 = Debug|Any CPU
		{7CA143EA-790F-4C62-A925-DF51C1A57AE6}.Release|Any CPU.ActiveCfg = Release|Any CPU
		{7CA143EA-790F-4C62-A925-DF51C1A57AE6}.Release|Any CPU.Build.0 = Release|Any CPU
		{D2D1E73D-C01E-42B7-8B64-280F96E29D9A}.Debug|Any CPU.ActiveCfg = Debug|Any CPU
		{D2D1E73D-C01E-42B7-8B64-280F96E29D9A}.Debug|Any CPU.Build.0 = Debug|Any CPU
		{D2D1E73D-C01E-42B7-8B64-280F96E29D9A}.Release|Any CPU.ActiveCfg = Release|Any CPU
		{D2D1E73D-C01E-42B7-8B64-280F96E29D9A}.Release|Any CPU.Build.0 = Release|Any CPU
	EndGlobalSection
	GlobalSection(SolutionProperties) = preSolution
		HideSolutionNode = FALSE
	EndGlobalSection
	GlobalSection(ExtensibilityGlobals) = postSolution
		SolutionGuid = {D9902A0D-F8E9-42A8-B01D-F2B01D41D425}
	EndGlobalSection
EndGlobal
